
Microsoft Visual Studio Solution File, Format Version 12.00
# Visual Studio Version 16
VisualStudioVersion = 16.0.29306.81
MinimumVisualStudioVersion = 10.0.40219.1
Project("{FAE04EC0-301F-11D3-BF4B-00C04F79EFBC}") = "practica7", "practica7.csproj", "{DFB342F9-0F13-4832-8528-5A110F620B1A}"
EndProject
Global
	GlobalSection(SolutionConfigurationPlatforms) = preSolution
		Debug|Any CPU = Debug|Any CPU
		Release|Any CPU = Release|Any CPU
	EndGlobalSection
	GlobalSection(ProjectConfigurationPlatforms) = postSolution
		{DFB342F9-0F13-4832-8528-5A110F620B1A}.Debug|Any CPU.ActiveCfg = Debug|Any CPU
		{DFB342F9-0F13-4832-8528-5A110F620B1A}.Debug|Any CPU.Build.0 = Debug|Any CPU
		{DFB342F9-0F13-4832-8528-5A110F620B1A}.Release|Any CPU.ActiveCfg = Release|Any CPU
		{DFB342F9-0F13-4832-8528-5A110F620B1A}.Release|Any CPU.Build.0 = Release|Any CPU
	EndGlobalSection
	GlobalSection(SolutionProperties) = preSolution
		HideSolutionNode = FALSE
	EndGlobalSection
	GlobalSection(ExtensibilityGlobals) = postSolution
		SolutionGuid = {0CD4D908-4EF1-4B05-B7BD-1A3E5CD98C93}
	EndGlobalSection
EndGlobal
